
Microsoft Visual Studio Solution File, Format Version 12.00
# Visual Studio Version 17
VisualStudioVersion = 17.7.34302.85
MinimumVisualStudioVersion = 10.0.40219.1
Project("{9A19103F-16F7-4668-BE54-9A1E7A4F7556}") = "RestoBooker.API", "RestoBooker.API\RestoBooker.API.csproj", "{95F08C19-1BCF-42E1-9C96-80FE50438801}"
EndProject
Project("{9A19103F-16F7-4668-BE54-9A1E7A4F7556}") = "RestoBooker.Data", "RestoBooker.Data\RestoBooker.Data.csproj", "{17EEFAA8-B490-4CDE-8629-DF2D36F8C119}"
EndProject
Project("{9A19103F-16F7-4668-BE54-9A1E7A4F7556}") = "Restobooker.Domain", "RestoBooker.Domain\Restobooker.Domain.csproj", "{9EBF1E31-3248-4E54-8A04-D2322F32C914}"
EndProject
Global
	GlobalSection(SolutionConfigurationPlatforms) = preSolution
		Debug|Any CPU = Debug|Any CPU
		Release|Any CPU = Release|Any CPU
	EndGlobalSection
	GlobalSection(ProjectConfigurationPlatforms) = postSolution
		{95F08C19-1BCF-42E1-9C96-80FE50438801}.Debug|Any CPU.ActiveCfg = Debug|Any CPU
		{95F08C19-1BCF-42E1-9C96-80FE50438801}.Debug|Any CPU.Build.0 = Debug|Any CPU
		{95F08C19-1BCF-42E1-9C96-80FE50438801}.Release|Any CPU.ActiveCfg = Release|Any CPU
		{95F08C19-1BCF-42E1-9C96-80FE50438801}.Release|Any CPU.Build.0 = Release|Any CPU
		{17EEFAA8-B490-4CDE-8629-DF2D36F8C119}.Debug|Any CPU.ActiveCfg = Debug|Any CPU
		{17EEFAA8-B490-4CDE-8629-DF2D36F8C119}.Debug|Any CPU.Build.0 = Debug|Any CPU
		{17EEFAA8-B490-4CDE-8629-DF2D36F8C119}.Release|Any CPU.ActiveCfg = Release|Any CPU
		{17EEFAA8-B490-4CDE-8629-DF2D36F8C119}.Release|Any CPU.Build.0 = Release|Any CPU
		{9EBF1E31-3248-4E54-8A04-D2322F32C914}.Debug|Any CPU.ActiveCfg = Debug|Any CPU
		{9EBF1E31-3248-4E54-8A04-D2322F32C914}.Debug|Any CPU.Build.0 = Debug|Any CPU
		{9EBF1E31-3248-4E54-8A04-D2322F32C914}.Release|Any CPU.ActiveCfg = Release|Any CPU
		{9EBF1E31-3248-4E54-8A04-D2322F32C914}.Release|Any CPU.Build.0 = Release|Any CPU
	EndGlobalSection
	GlobalSection(SolutionProperties) = preSolution
		HideSolutionNode = FALSE
	EndGlobalSection
	GlobalSection(ExtensibilityGlobals) = postSolution
		SolutionGuid = {5E350407-48BE-47B1-9D9F-AA6F4076F28D}
	EndGlobalSection
EndGlobal
